
Microsoft Visual Studio Solution File, Format Version 12.00
# Visual Studio Version 17
VisualStudioVersion = 17.11.35312.102
MinimumVisualStudioVersion = 10.0.40219.1
Project("{FAE04EC0-301F-11D3-BF4B-00C04F79EFBC}") = "TurneroZumbaEvaluacion4.FE", "TurneroZumbaEvaluacion4.FE\TurneroZumbaEvaluacion4.FE.csproj", "{5E027412-E9A0-4D3E-BA10-85700E522F5D}"
EndProject
Project("{FAE04EC0-301F-11D3-BF4B-00C04F79EFBC}") = "TurneroZumba.BA", "TurneroZumba.BA\TurneroZumba.BA.csproj", "{C4F9AB1B-5AEE-4237-8F57-226304D409ED}"
EndProject
Global
	GlobalSection(SolutionConfigurationPlatforms) = preSolution
		Debug|Any CPU = Debug|Any CPU
		Release|Any CPU = Release|Any CPU
	EndGlobalSection
	GlobalSection(ProjectConfigurationPlatforms) = postSolution
		{5E027412-E9A0-4D3E-BA10-85700E522F5D}.Debug|Any CPU.ActiveCfg = Debug|Any CPU
		{5E027412-E9A0-4D3E-BA10-85700E522F5D}.Debug|Any CPU.Build.0 = Debug|Any CPU
		{5E027412-E9A0-4D3E-BA10-85700E522F5D}.Release|Any CPU.ActiveCfg = Release|Any CPU
		{5E027412-E9A0-4D3E-BA10-85700E522F5D}.Release|Any CPU.Build.0 = Release|Any CPU
		{C4F9AB1B-5AEE-4237-8F57-226304D409ED}.Debug|Any CPU.ActiveCfg = Debug|Any CPU
		{C4F9AB1B-5AEE-4237-8F57-226304D409ED}.Debug|Any CPU.Build.0 = Debug|Any CPU
		{C4F9AB1B-5AEE-4237-8F57-226304D409ED}.Release|Any CPU.ActiveCfg = Release|Any CPU
		{C4F9AB1B-5AEE-4237-8F57-226304D409ED}.Release|Any CPU.Build.0 = Release|Any CPU
	EndGlobalSection
	GlobalSection(SolutionProperties) = preSolution
		HideSolutionNode = FALSE
	EndGlobalSection
	GlobalSection(ExtensibilityGlobals) = postSolution
		SolutionGuid = {D7DAF550-8BAA-4BBB-B972-4DA2F6EC2E3D}
	EndGlobalSection
EndGlobal
